
Microsoft Visual Studio Solution File, Format Version 12.00
# Visual Studio Version 16
VisualStudioVersion = 16.0.30011.22
MinimumVisualStudioVersion = 10.0.40219.1
Project("{FAE04EC0-301F-11D3-BF4B-00C04F79EFBC}") = "SimpleFileWatch", "SimpleFileWatch\SimpleFileWatch.csproj", "{2152A5A6-717B-4D3B-BD72-C7DC7713AB94}"
EndProject
Global
	GlobalSection(SolutionConfigurationPlatforms) = preSolution
		Debug|Any CPU = Debug|Any CPU
		Release|Any CPU = Release|Any CPU
	EndGlobalSection
	GlobalSection(ProjectConfigurationPlatforms) = postSolution
		{2152A5A6-717B-4D3B-BD72-C7DC7713AB94}.Debug|Any CPU.ActiveCfg = Debug|Any CPU
		{2152A5A6-717B-4D3B-BD72-C7DC7713AB94}.Debug|Any CPU.Build.0 = Debug|Any CPU
		{2152A5A6-717B-4D3B-BD72-C7DC7713AB94}.Release|Any CPU.ActiveCfg = Release|Any CPU
		{2152A5A6-717B-4D3B-BD72-C7DC7713AB94}.Release|Any CPU.Build.0 = Release|Any CPU
	EndGlobalSection
	GlobalSection(SolutionProperties) = preSolution
		HideSolutionNode = FALSE
	EndGlobalSection
	GlobalSection(ExtensibilityGlobals) = postSolution
		SolutionGuid = {C69E9733-D0A2-44D6-B083-39F2683D7A16}
	EndGlobalSection
EndGlobal
